// !$*UTF8*$!
{
	archiveVersion = 1;
	classes = {
	};
	objectVersion = 46;
	objects = {

/* Begin PBXBuildFile section */
		6408FE007866629ADB847E08 /* libPods-ABFRealmTableViewControllerExample.a in Frameworks */ = {isa = PBXBuildFile; fileRef = CCE1DD380E1AC6E53534E3B7 /* libPods-ABFRealmTableViewControllerExample.a */; };
		88DEC94BB252D8CF39547ABE /* libPods-ABFRealmTableViewControllerExampleTests.a in Frameworks */ = {isa = PBXBuildFile; fileRef = 39D63CBF97670CE0E91FFAA7 /* libPods-ABFRealmTableViewControllerExampleTests.a */; };
		A0810CA41B72B21B00CA4D98 /* main.m in Sources */ = {isa = PBXBuildFile; fileRef = A0810CA31B72B21B00CA4D98 /* main.m */; };
		A0810CA71B72B21B00CA4D98 /* AppDelegate.m in Sources */ = {isa = PBXBuildFile; fileRef = A0810CA61B72B21B00CA4D98 /* AppDelegate.m */; };
		A0810CAD1B72B21B00CA4D98 /* Main.storyboard in Resources */ = {isa = PBXBuildFile; fileRef = A0810CAB1B72B21B00CA4D98 /* Main.storyboard */; };
		A0810CAF1B72B21B00CA4D98 /* Images.xcassets in Resources */ = {isa = PBXBuildFile; fileRef = A0810CAE1B72B21B00CA4D98 /* Images.xcassets */; };
		A0810CB21B72B21B00CA4D98 /* LaunchScreen.xib in Resources */ = {isa = PBXBuildFile; fileRef = A0810CB01B72B21B00CA4D98 /* LaunchScreen.xib */; };
		A0810CBE1B72B21B00CA4D98 /* ABFRealmTableViewControllerExampleTests.m in Sources */ = {isa = PBXBuildFile; fileRef = A0810CBD1B72B21B00CA4D98 /* ABFRealmTableViewControllerExampleTests.m */; };
		A0810CCA1B72B25D00CA4D98 /* ABFRealmTableViewController.m in Sources */ = {isa = PBXBuildFile; fileRef = A0810CC91B72B25D00CA4D98 /* ABFRealmTableViewController.m */; };
		A0810CD31B72E44D00CA4D98 /* MainTableViewController.m in Sources */ = {isa = PBXBuildFile; fileRef = A0810CD21B72E44D00CA4D98 /* MainTableViewController.m */; };
		A0810CD61B72E68A00CA4D98 /* TaskObject.m in Sources */ = {isa = PBXBuildFile; fileRef = A0810CD51B72E68A00CA4D98 /* TaskObject.m */; };
/* End PBXBuildFile section */

/* Begin PBXContainerItemProxy section */
		A0810CB81B72B21B00CA4D98 /* PBXContainerItemProxy */ = {
			isa = PBXContainerItemProxy;
			containerPortal = A0810C961B72B21B00CA4D98 /* Project object */;
			proxyType = 1;
			remoteGlobalIDString = A0810C9D1B72B21B00CA4D98;
			remoteInfo = ABFRealmTableViewControllerExample;
		};
/* End PBXContainerItemProxy section */

/* Begin PBXFileReference section */
		15EB49F8268335C782AD0C8F /* Pods-ABFRealmTableViewControllerExampleTests.release.xcconfig */ = {isa = PBXFileReference; includeInIndex = 1; lastKnownFileType = text.xcconfig; name = "Pods-ABFRealmTableViewControllerExampleTests.release.xcconfig"; path = "Pods/Target Support Files/Pods-ABFRealmTableViewControllerExampleTests/Pods-ABFRealmTableViewControllerExampleTests.release.xcconfig"; sourceTree = "<group>"; };
		2D5271E670B7BFF366B9CE76 /* Pods-ABFRealmTableViewControllerExample.release.xcconfig */ = {isa = PBXFileReference; includeInIndex = 1; lastKnownFileType = text.xcconfig; name = "Pods-ABFRealmTableViewControllerExample.release.xcconfig"; path = "Pods/Target Support Files/Pods-ABFRealmTableViewControllerExample/Pods-ABFRealmTableViewControllerExample.release.xcconfig"; sourceTree = "<group>"; };
		39D63CBF97670CE0E91FFAA7 /* libPods-ABFRealmTableViewControllerExampleTests.a */ = {isa = PBXFileReference; explicitFileType = archive.ar; includeInIndex = 0; path = "libPods-ABFRealmTableViewControllerExampleTests.a"; sourceTree = BUILT_PRODUCTS_DIR; };
		9F72E0022F77F5B7DCA2C8E5 /* Pods-ABFRealmTableViewControllerExampleTests.debug.xcconfig */ = {isa = PBXFileReference; includeInIndex = 1; lastKnownFileType = text.xcconfig; name = "Pods-ABFRealmTableViewControllerExampleTests.debug.xcconfig"; path = "Pods/Target Support Files/Pods-ABFRealmTableViewControllerExampleTests/Pods-ABFRealmTableViewControllerExampleTests.debug.xcconfig"; sourceTree = "<group>"; };
		A0810C9E1B72B21B00CA4D98 /* ABFRealmTableViewControllerExample.app */ = {isa = PBXFileReference; explicitFileType = wrapper.application; includeInIndex = 0; path = ABFRealmTableViewControllerExample.app; sourceTree = BUILT_PRODUCTS_DIR; };
		A0810CA21B72B21B00CA4D98 /* Info.plist */ = {isa = PBXFileReference; lastKnownFileType = text.plist.xml; path = Info.plist; sourceTree = "<group>"; };
		A0810CA31B72B21B00CA4D98 /* main.m */ = {isa = PBXFileReference; lastKnownFileType = sourcecode.c.objc; path = main.m; sourceTree = "<group>"; };
		A0810CA51B72B21B00CA4D98 /* AppDelegate.h */ = {isa = PBXFileReference; lastKnownFileType = sourcecode.c.h; path = AppDelegate.h; sourceTree = "<group>"; };
		A0810CA61B72B21B00CA4D98 /* AppDelegate.m */ = {isa = PBXFileReference; lastKnownFileType = sourcecode.c.objc; path = AppDelegate.m; sourceTree = "<group>"; };
		A0810CAC1B72B21B00CA4D98 /* Base */ = {isa = PBXFileReference; lastKnownFileType = file.storyboard; name = Base; path = Base.lproj/Main.storyboard; sourceTree = "<group>"; };
		A0810CAE1B72B21B00CA4D98 /* Images.xcassets */ = {isa = PBXFileReference; lastKnownFileType = folder.assetcatalog; path = Images.xcassets; sourceTree = "<group>"; };
		A0810CB11B72B21B00CA4D98 /* Base */ = {isa = PBXFileReference; lastKnownFileType = file.xib; name = Base; path = Base.lproj/LaunchScreen.xib; sourceTree = "<group>"; };
		A0810CB71B72B21B00CA4D98 /* ABFRealmTableViewControllerExampleTests.xctest */ = {isa = PBXFileReference; explicitFileType = wrapper.cfbundle; includeInIndex = 0; path = ABFRealmTableViewControllerExampleTests.xctest; sourceTree = BUILT_PRODUCTS_DIR; };
		A0810CBC1B72B21B00CA4D98 /* Info.plist */ = {isa = PBXFileReference; lastKnownFileType = text.plist.xml; path = Info.plist; sourceTree = "<group>"; };
		A0810CBD1B72B21B00CA4D98 /* ABFRealmTableViewControllerExampleTests.m */ = {isa = PBXFileReference; lastKnownFileType = sourcecode.c.objc; path = ABFRealmTableViewControllerExampleTests.m; sourceTree = "<group>"; };
		A0810CC81B72B25D00CA4D98 /* ABFRealmTableViewController.h */ = {isa = PBXFileReference; fileEncoding = 4; lastKnownFileType = sourcecode.c.h; path = ABFRealmTableViewController.h; sourceTree = "<group>"; };
		A0810CC91B72B25D00CA4D98 /* ABFRealmTableViewController.m */ = {isa = PBXFileReference; fileEncoding = 4; lastKnownFileType = sourcecode.c.objc; path = ABFRealmTableViewController.m; sourceTree = "<group>"; };
		A0810CD11B72E44D00CA4D98 /* MainTableViewController.h */ = {isa = PBXFileReference; fileEncoding = 4; lastKnownFileType = sourcecode.c.h; path = MainTableViewController.h; sourceTree = "<group>"; };
		A0810CD21B72E44D00CA4D98 /* MainTableViewController.m */ = {isa = PBXFileReference; fileEncoding = 4; lastKnownFileType = sourcecode.c.objc; path = MainTableViewController.m; sourceTree = "<group>"; };
		A0810CD41B72E68A00CA4D98 /* TaskObject.h */ = {isa = PBXFileReference; fileEncoding = 4; lastKnownFileType = sourcecode.c.h; path = TaskObject.h; sourceTree = "<group>"; };
		A0810CD51B72E68A00CA4D98 /* TaskObject.m */ = {isa = PBXFileReference; fileEncoding = 4; lastKnownFileType = sourcecode.c.objc; path = TaskObject.m; sourceTree = "<group>"; };
		BA9C927ACDF67262E68010E1 /* Pods-ABFRealmTableViewControllerExample.debug.xcconfig */ = {isa = PBXFileReference; includeInIndex = 1; lastKnownFileType = text.xcconfig; name = "Pods-ABFRealmTableViewControllerExample.debug.xcconfig"; path = "Pods/Target Support Files/Pods-ABFRealmTableViewControllerExample/Pods-ABFRealmTableViewControllerExample.debug.xcconfig"; sourceTree = "<group>"; };
		CCE1DD380E1AC6E53534E3B7 /* libPods-ABFRealmTableViewControllerExample.a */ = {isa = PBXFileReference; explicitFileType = archive.ar; includeInIndex = 0; path = "libPods-ABFRealmTableViewControllerExample.a"; sourceTree = BUILT_PRODUCTS_DIR; };
/* End PBXFileReference section */

/* Begin PBXFrameworksBuildPhase section */
		A0810C9B1B72B21B00CA4D98 /* Frameworks */ = {
			isa = PBXFrameworksBuildPhase;
			buildActionMask = 2147483647;
			files = (
				6408FE007866629ADB847E08 /* libPods-ABFRealmTableViewControllerExample.a in Frameworks */,
			);
			runOnlyForDeploymentPostprocessing = 0;
		};
		A0810CB41B72B21B00CA4D98 /* Frameworks */ = {
			isa = PBXFrameworksBuildPhase;
			buildActionMask = 2147483647;
			files = (
				88DEC94BB252D8CF39547ABE /* libPods-ABFRealmTableViewControllerExampleTests.a in Frameworks */,
			);
			runOnlyForDeploymentPostprocessing = 0;
		};
/* End PBXFrameworksBuildPhase section */

/* Begin PBXGroup section */
		00F0C5A768A9E012EE37DB16 /* Pods */ = {
			isa = PBXGroup;
			children = (
				BA9C927ACDF67262E68010E1 /* Pods-ABFRealmTableViewControllerExample.debug.xcconfig */,
				2D5271E670B7BFF366B9CE76 /* Pods-ABFRealmTableViewControllerExample.release.xcconfig */,
				9F72E0022F77F5B7DCA2C8E5 /* Pods-ABFRealmTableViewControllerExampleTests.debug.xcconfig */,
				15EB49F8268335C782AD0C8F /* Pods-ABFRealmTableViewControllerExampleTests.release.xcconfig */,
			);
			name = Pods;
			sourceTree = "<group>";
		};
		A0810C951B72B21B00CA4D98 = {
			isa = PBXGroup;
			children = (
				A0810CA01B72B21B00CA4D98 /* ABFRealmTableViewControllerExample */,
				A0810CBA1B72B21B00CA4D98 /* ABFRealmTableViewControllerExampleTests */,
				A0810C9F1B72B21B00CA4D98 /* Products */,
				00F0C5A768A9E012EE37DB16 /* Pods */,
				D8F2580FB963FBE1346E2700 /* Frameworks */,
			);
			sourceTree = "<group>";
		};
		A0810C9F1B72B21B00CA4D98 /* Products */ = {
			isa = PBXGroup;
			children = (
				A0810C9E1B72B21B00CA4D98 /* ABFRealmTableViewControllerExample.app */,
				A0810CB71B72B21B00CA4D98 /* ABFRealmTableViewControllerExampleTests.xctest */,
			);
			name = Products;
			sourceTree = "<group>";
		};
		A0810CA01B72B21B00CA4D98 /* ABFRealmTableViewControllerExample */ = {
			isa = PBXGroup;
			children = (
				A0810CC71B72B23700CA4D98 /* ABFRealmTableViewController */,
				A0810CA51B72B21B00CA4D98 /* AppDelegate.h */,
				A0810CA61B72B21B00CA4D98 /* AppDelegate.m */,
				A0810CAB1B72B21B00CA4D98 /* Main.storyboard */,
				A0810CAE1B72B21B00CA4D98 /* Images.xcassets */,
				A0810CB01B72B21B00CA4D98 /* LaunchScreen.xib */,
				A0810CA11B72B21B00CA4D98 /* Supporting Files */,
				A0810CD11B72E44D00CA4D98 /* MainTableViewController.h */,
				A0810CD21B72E44D00CA4D98 /* MainTableViewController.m */,
				A0810CD41B72E68A00CA4D98 /* TaskObject.h */,
				A0810CD51B72E68A00CA4D98 /* TaskObject.m */,
			);
			path = ABFRealmTableViewControllerExample;
			sourceTree = "<group>";
		};
		A0810CA11B72B21B00CA4D98 /* Supporting Files */ = {
			isa = PBXGroup;
			children = (
				A0810CA21B72B21B00CA4D98 /* Info.plist */,
				A0810CA31B72B21B00CA4D98 /* main.m */,
			);
			name = "Supporting Files";
			sourceTree = "<group>";
		};
		A0810CBA1B72B21B00CA4D98 /* ABFRealmTableViewControllerExampleTests */ = {
			isa = PBXGroup;
			children = (
				A0810CBD1B72B21B00CA4D98 /* ABFRealmTableViewControllerExampleTests.m */,
				A0810CBB1B72B21B00CA4D98 /* Supporting Files */,
			);
			path = ABFRealmTableViewControllerExampleTests;
			sourceTree = "<group>";
		};
		A0810CBB1B72B21B00CA4D98 /* Supporting Files */ = {
			isa = PBXGroup;
			children = (
				A0810CBC1B72B21B00CA4D98 /* Info.plist */,
			);
			name = "Supporting Files";
			sourceTree = "<group>";
		};
		A0810CC71B72B23700CA4D98 /* ABFRealmTableViewController */ = {
			isa = PBXGroup;
			children = (
				A0810CC81B72B25D00CA4D98 /* ABFRealmTableViewController.h */,
				A0810CC91B72B25D00CA4D98 /* ABFRealmTableViewController.m */,
			);
			name = ABFRealmTableViewController;
			path = ../../ABFRealmTableViewController;
			sourceTree = "<group>";
		};
		D8F2580FB963FBE1346E2700 /* Frameworks */ = {
			isa = PBXGroup;
			children = (
				CCE1DD380E1AC6E53534E3B7 /* libPods-ABFRealmTableViewControllerExample.a */,
				39D63CBF97670CE0E91FFAA7 /* libPods-ABFRealmTableViewControllerExampleTests.a */,
			);
			name = Frameworks;
			sourceTree = "<group>";
		};
/* End PBXGroup section */

/* Begin PBXNativeTarget section */
		A0810C9D1B72B21B00CA4D98 /* ABFRealmTableViewControllerExample */ = {
			isa = PBXNativeTarget;
			buildConfigurationList = A0810CC11B72B21B00CA4D98 /* Build configuration list for PBXNativeTarget "ABFRealmTableViewControllerExample" */;
			buildPhases = (
				FCD626C65C423D7580EEBDCA /* Check Pods Manifest.lock */,
				A0810C9A1B72B21B00CA4D98 /* Sources */,
				A0810C9B1B72B21B00CA4D98 /* Frameworks */,
				A0810C9C1B72B21B00CA4D98 /* Resources */,
				1CF302EBC51FF23EC69EF7C1 /* Copy Pods Resources */,
			);
			buildRules = (
			);
			dependencies = (
			);
			name = ABFRealmTableViewControllerExample;
			productName = ABFRealmTableViewControllerExample;
			productReference = A0810C9E1B72B21B00CA4D98 /* ABFRealmTableViewControllerExample.app */;
			productType = "com.apple.product-type.application";
		};
		A0810CB61B72B21B00CA4D98 /* ABFRealmTableViewControllerExampleTests */ = {
			isa = PBXNativeTarget;
			buildConfigurationList = A0810CC41B72B21B00CA4D98 /* Build configuration list for PBXNativeTarget "ABFRealmTableViewControllerExampleTests" */;
			buildPhases = (
				7BEA1AA13216A75A58E7CE34 /* Check Pods Manifest.lock */,
				A0810CB31B72B21B00CA4D98 /* Sources */,
				A0810CB41B72B21B00CA4D98 /* Frameworks */,
				A0810CB51B72B21B00CA4D98 /* Resources */,
				6CE9A1E2D743B74D80690AB6 /* Copy Pods Resources */,
			);
			buildRules = (
			);
			dependencies = (
				A0810CB91B72B21B00CA4D98 /* PBXTargetDependency */,
			);
			name = ABFRealmTableViewControllerExampleTests;
			productName = ABFRealmTableViewControllerExampleTests;
			productReference = A0810CB71B72B21B00CA4D98 /* ABFRealmTableViewControllerExampleTests.xctest */;
			productType = "com.apple.product-type.bundle.unit-test";
		};
/* End PBXNativeTarget section */

/* Begin PBXProject section */
		A0810C961B72B21B00CA4D98 /* Project object */ = {
			isa = PBXProject;
			attributes = {
				LastUpgradeCheck = 0640;
				ORGANIZATIONNAME = "Adam Fish";
				TargetAttributes = {
					A0810C9D1B72B21B00CA4D98 = {
						CreatedOnToolsVersion = 6.4;
					};
					A0810CB61B72B21B00CA4D98 = {
						CreatedOnToolsVersion = 6.4;
						TestTargetID = A0810C9D1B72B21B00CA4D98;
					};
				};
			};
			buildConfigurationList = A0810C991B72B21B00CA4D98 /* Build configuration list for PBXProject "ABFRealmTableViewControllerExample" */;
			compatibilityVersion = "Xcode 3.2";
			developmentRegion = English;
			hasScannedForEncodings = 0;
			knownRegions = (
				en,
				Base,
			);
			mainGroup = A0810C951B72B21B00CA4D98;
			productRefGroup = A0810C9F1B72B21B00CA4D98 /* Products */;
			projectDirPath = "";
			projectRoot = "";
			targets = (
				A0810C9D1B72B21B00CA4D98 /* ABFRealmTableViewControllerExample */,
				A0810CB61B72B21B00CA4D98 /* ABFRealmTableViewControllerExampleTests */,
			);
		};
/* End PBXProject section */

/* Begin PBXResourcesBuildPhase section */
		A0810C9C1B72B21B00CA4D98 /* Resources */ = {
			isa = PBXResourcesBuildPhase;
			buildActionMask = 2147483647;
			files = (
				A0810CAD1B72B21B00CA4D98 /* Main.storyboard in Resources */,
				A0810CB21B72B21B00CA4D98 /* LaunchScreen.xib in Resources */,
				A0810CAF1B72B21B00CA4D98 /* Images.xcassets in Resources */,
			);
			runOnlyForDeploymentPostprocessing = 0;
		};
		A0810CB51B72B21B00CA4D98 /* Resources */ = {
			isa = PBXResourcesBuildPhase;
			buildActionMask = 2147483647;
			files = (
			);
			runOnlyForDeploymentPostprocessing = 0;
		};
/* End PBXResourcesBuildPhase section */

/* Begin PBXShellScriptBuildPhase section */
		1CF302EBC51FF23EC69EF7C1 /* Copy Pods Resources */ = {
			isa = PBXShellScriptBuildPhase;
			buildActionMask = 2147483647;
			files = (
			);
			inputPaths = (
			);
			name = "Copy Pods Resources";
			outputPaths = (
			);
			runOnlyForDeploymentPostprocessing = 0;
			shellPath = /bin/sh;
			shellScript = "\"${SRCROOT}/Pods/Target Support Files/Pods-ABFRealmTableViewControllerExample/Pods-ABFRealmTableViewControllerExample-resources.sh\"\n";
			showEnvVarsInLog = 0;
		};
		6CE9A1E2D743B74D80690AB6 /* Copy Pods Resources */ = {
			isa = PBXShellScriptBuildPhase;
			buildActionMask = 2147483647;
			files = (
			);
			inputPaths = (
			);
			name = "Copy Pods Resources";
			outputPaths = (
			);
			runOnlyForDeploymentPostprocessing = 0;
			shellPath = /bin/sh;
			shellScript = "\"${SRCROOT}/Pods/Target Support Files/Pods-ABFRealmTableViewControllerExampleTests/Pods-ABFRealmTableViewControllerExampleTests-resources.sh\"\n";
			showEnvVarsInLog = 0;
		};
		7BEA1AA13216A75A58E7CE34 /* Check Pods Manifest.lock */ = {
			isa = PBXShellScriptBuildPhase;
			buildActionMask = 2147483647;
			files = (
			);
			inputPaths = (
			);
			name = "Check Pods Manifest.lock";
			outputPaths = (
			);
			runOnlyForDeploymentPostprocessing = 0;
			shellPath = /bin/sh;
			shellScript = "diff \"${PODS_ROOT}/../Podfile.lock\" \"${PODS_ROOT}/Manifest.lock\" > /dev/null\nif [[ $? != 0 ]] ; then\n    cat << EOM\nerror: The sandbox is not in sync with the Podfile.lock. Run 'pod install' or update your CocoaPods installation.\nEOM\n    exit 1\nfi\n";
			showEnvVarsInLog = 0;
		};
		FCD626C65C423D7580EEBDCA /* Check Pods Manifest.lock */ = {
			isa = PBXShellScriptBuildPhase;
			buildActionMask = 2147483647;
			files = (
			);
			inputPaths = (
			);
			name = "Check Pods Manifest.lock";
			outputPaths = (
			);
			runOnlyForDeploymentPostprocessing = 0;
			shellPath = /bin/sh;
			shellScript = "diff \"${PODS_ROOT}/../Podfile.lock\" \"${PODS_ROOT}/Manifest.lock\" > /dev/null\nif [[ $? != 0 ]] ; then\n    cat << EOM\nerror: The sandbox is not in sync with the Podfile.lock. Run 'pod install' or update your CocoaPods installation.\nEOM\n    exit 1\nfi\n";
			showEnvVarsInLog = 0;
		};
/* End PBXShellScriptBuildPhase section */

/* Begin PBXSourcesBuildPhase section */
		A0810C9A1B72B21B00CA4D98 /* Sources */ = {
			isa = PBXSourcesBuildPhase;
			buildActionMask = 2147483647;
			files = (
				A0810CD61B72E68A00CA4D98 /* TaskObject.m in Sources */,
				A0810CCA1B72B25D00CA4D98 /* ABFRealmTableViewController.m in Sources */,
				A0810CA71B72B21B00CA4D98 /* AppDelegate.m in Sources */,
				A0810CD31B72E44D00CA4D98 /* MainTableViewController.m in Sources */,
				A0810CA41B72B21B00CA4D98 /* main.m in Sources */,
			);
			runOnlyForDeploymentPostprocessing = 0;
		};
		A0810CB31B72B21B00CA4D98 /* Sources */ = {
			isa = PBXSourcesBuildPhase;
			buildActionMask = 2147483647;
			files = (
				A0810CBE1B72B21B00CA4D98 /* ABFRealmTableViewControllerExampleTests.m in Sources */,
			);
			runOnlyForDeploymentPostprocessing = 0;
		};
/* End PBXSourcesBuildPhase section */

/* Begin PBXTargetDependency section */
		A0810CB91B72B21B00CA4D98 /* PBXTargetDependency */ = {
			isa = PBXTargetDependency;
			target = A0810C9D1B72B21B00CA4D98 /* ABFRealmTableViewControllerExample */;
			targetProxy = A0810CB81B72B21B00CA4D98 /* PBXContainerItemProxy */;
		};
/* End PBXTargetDependency section */

/* Begin PBXVariantGroup section */
		A0810CAB1B72B21B00CA4D98 /* Main.storyboard */ = {
			isa = PBXVariantGroup;
			children = (
				A0810CAC1B72B21B00CA4D98 /* Base */,
			);
			name = Main.storyboard;
			sourceTree = "<group>";
		};
		A0810CB01B72B21B00CA4D98 /* LaunchScreen.xib */ = {
			isa = PBXVariantGroup;
			children = (
				A0810CB11B72B21B00CA4D98 /* Base */,
			);
			name = LaunchScreen.xib;
			sourceTree = "<group>";
		};
/* End PBXVariantGroup section */

/* Begin XCBuildConfiguration section */
		A0810CBF1B72B21B00CA4D98 /* Debug */ = {
			isa = XCBuildConfiguration;
			buildSettings = {
				ALWAYS_SEARCH_USER_PATHS = NO;
				CLANG_CXX_LANGUAGE_STANDARD = "gnu++0x";
				CLANG_CXX_LIBRARY = "libc++";
				CLANG_ENABLE_MODULES = YES;
				CLANG_ENABLE_OBJC_ARC = YES;
				CLANG_WARN_BOOL_CONVERSION = YES;
				CLANG_WARN_CONSTANT_CONVERSION = YES;
				CLANG_WARN_DIRECT_OBJC_ISA_USAGE = YES_ERROR;
				CLANG_WARN_EMPTY_BODY = YES;
				CLANG_WARN_ENUM_CONVERSION = YES;
				CLANG_WARN_INT_CONVERSION = YES;
				CLANG_WARN_OBJC_ROOT_CLASS = YES_ERROR;
				CLANG_WARN_UNREACHABLE_CODE = YES;
				CLANG_WARN__DUPLICATE_METHOD_MATCH = YES;
				"CODE_SIGN_IDENTITY[sdk=iphoneos*]" = "iPhone Developer";
				COPY_PHASE_STRIP = NO;
				DEBUG_INFORMATION_FORMAT = "dwarf-with-dsym";
				ENABLE_STRICT_OBJC_MSGSEND = YES;
				GCC_C_LANGUAGE_STANDARD = gnu99;
				GCC_DYNAMIC_NO_PIC = NO;
				GCC_NO_COMMON_BLOCKS = YES;
				GCC_OPTIMIZATION_LEVEL = 0;
				GCC_PREPROCESSOR_DEFINITIONS = (
					"DEBUG=1",
					"$(inherited)",
				);
				GCC_SYMBOLS_PRIVATE_EXTERN = NO;
				GCC_WARN_64_TO_32_BIT_CONVERSION = YES;
				GCC_WARN_ABOUT_RETURN_TYPE = YES_ERROR;
				GCC_WARN_UNDECLARED_SELECTOR = YES;
				GCC_WARN_UNINITIALIZED_AUTOS = YES_AGGRESSIVE;
				GCC_WARN_UNUSED_FUNCTION = YES;
				GCC_WARN_UNUSED_VARIABLE = YES;
				IPHONEOS_DEPLOYMENT_TARGET = 8.4;
				MTL_ENABLE_DEBUG_INFO = YES;
				ONLY_ACTIVE_ARCH = YES;
				SDKROOT = iphoneos;
				TARGETED_DEVICE_FAMILY = "1,2";
			};
			name = Debug;
		};
		A0810CC01B72B21B00CA4D98 /* Release */ = {
			isa = XCBuildConfiguration;
			buildSettings = {
				ALWAYS_SEARCH_USER_PATHS = NO;
				CLANG_CXX_LANGUAGE_STANDARD = "gnu++0x";
				CLANG_CXX_LIBRARY = "libc++";
				CLANG_ENABLE_MODULES = YES;
				CLANG_ENABLE_OBJC_ARC = YES;
				CLANG_WARN_BOOL_CONVERSION = YES;
				CLANG_WARN_CONSTANT_CONVERSION = YES;
				CLANG_WARN_DIRECT_OBJC_ISA_USAGE = YES_ERROR;
				CLANG_WARN_EMPTY_BODY = YES;
				CLANG_WARN_ENUM_CONVERSION = YES;
				CLANG_WARN_INT_CONVERSION = YES;
				CLANG_WARN_OBJC_ROOT_CLASS = YES_ERROR;
				CLANG_WARN_UNREACHABLE_CODE = YES;
				CLANG_WARN__DUPLICATE_METHOD_MATCH = YES;
				"CODE_SIGN_IDENTITY[sdk=iphoneos*]" = "iPhone Developer";
				COPY_PHASE_STRIP = NO;
				DEBUG_INFORMATION_FORMAT = "dwarf-with-dsym";
				ENABLE_NS_ASSERTIONS = NO;
				ENABLE_STRICT_OBJC_MSGSEND = YES;
				GCC_C_LANGUAGE_STANDARD = gnu99;
				GCC_NO_COMMON_BLOCKS = YES;
				GCC_WARN_64_TO_32_BIT_CONVERSION = YES;
				GCC_WARN_ABOUT_RETURN_TYPE = YES_ERROR;
				GCC_WARN_UNDECLARED_SELECTOR = YES;
				GCC_WARN_UNINITIALIZED_AUTOS = YES_AGGRESSIVE;
				GCC_WARN_UNUSED_FUNCTION = YES;
				GCC_WARN_UNUSED_VARIABLE = YES;
				IPHONEOS_DEPLOYMENT_TARGET = 8.4;
				MTL_ENABLE_DEBUG_INFO = NO;
				SDKROOT = iphoneos;
				TARGETED_DEVICE_FAMILY = "1,2";
				VALIDATE_PRODUCT = YES;
			};
			name = Release;
		};
		A0810CC21B72B21B00CA4D98 /* Debug */ = {
			isa = XCBuildConfiguration;
			baseConfigurationReference = BA9C927ACDF67262E68010E1 /* Pods-ABFRealmTableViewControllerExample.debug.xcconfig */;
			buildSettings = {
				ASSETCATALOG_COMPILER_APPICON_NAME = AppIcon;
				CODE_SIGN_IDENTITY = "iPhone Developer";
				INFOPLIST_FILE = ABFRealmTableViewControllerExample/Info.plist;
				LD_RUNPATH_SEARCH_PATHS = "$(inherited) @executable_path/Frameworks";
				PRODUCT_NAME = "$(TARGET_NAME)";
			};
			name = Debug;
		};
		A0810CC31B72B21B00CA4D98 /* Release */ = {
			isa = XCBuildConfiguration;
			baseConfigurationReference = 2D5271E670B7BFF366B9CE76 /* Pods-ABFRealmTableViewControllerExample.release.xcconfig */;
			buildSettings = {
				ASSETCATALOG_COMPILER_APPICON_NAME = AppIcon;
				CODE_SIGN_IDENTITY = "iPhone Developer";
				INFOPLIST_FILE = ABFRealmTableViewControllerExample/Info.plist;
				LD_RUNPATH_SEARCH_PATHS = "$(inherited) @executable_path/Frameworks";
				PRODUCT_NAME = "$(TARGET_NAME)";
			};
			name = Release;
		};
		A0810CC51B72B21B00CA4D98 /* Debug */ = {
			isa = XCBuildConfiguration;
			baseConfigurationReference = 9F72E0022F77F5B7DCA2C8E5 /* Pods-ABFRealmTableViewControllerExampleTests.debug.xcconfig */;
			buildSettings = {
				BUNDLE_LOADER = "$(TEST_HOST)";
				FRAMEWORK_SEARCH_PATHS = "$(inherited)";
				GCC_PREPROCESSOR_DEFINITIONS = (
					"DEBUG=1",
					"$(inherited)",
				);
				INFOPLIST_FILE = ABFRealmTableViewControllerExampleTests/Info.plist;
				LD_RUNPATH_SEARCH_PATHS = "$(inherited) @executable_path/Frameworks @loader_path/Frameworks";
				PRODUCT_NAME = "$(TARGET_NAME)";
				TEST_HOST = "$(BUILT_PRODUCTS_DIR)/ABFRealmTableViewControllerExample.app/ABFRealmTableViewControllerExample";
			};
			name = Debug;
		};
		A0810CC61B72B21B00CA4D98 /* Release */ = {
			isa = XCBuildConfiguration;
			baseConfigurationReference = 15EB49F8268335C782AD0C8F /* Pods-ABFRealmTableViewControllerExampleTests.release.xcconfig */;
			buildSettings = {
				BUNDLE_LOADER = "$(TEST_HOST)";
				FRAMEWORK_SEARCH_PATHS = "$(inherited)";
				INFOPLIST_FILE = ABFRealmTableViewControllerExampleTests/Info.plist;
				LD_RUNPATH_SEARCH_PATHS = "$(inherited) @executable_path/Frameworks @loader_path/Frameworks";
				PRODUCT_NAME = "$(TARGET_NAME)";
				TEST_HOST = "$(BUILT_PRODUCTS_DIR)/ABFRealmTableViewControllerExample.app/ABFRealmTableViewControllerExample";
			};
			name = Release;
		};
/* End XCBuildConfiguration section */

/* Begin XCConfigurationList section */
		A0810C991B72B21B00CA4D98 /* Build configuration list for PBXProject "ABFRealmTableViewControllerExample" */ = {
			isa = XCConfigurationList;
			buildConfigurations = (
				A0810CBF1B72B21B00CA4D98 /* Debug */,
				A0810CC01B72B21B00CA4D98 /* Release */,
			);
			defaultConfigurationIsVisible = 0;
			defaultConfigurationName = Release;
		};
		A0810CC11B72B21B00CA4D98 /* Build configuration list for PBXNativeTarget "ABFRealmTableViewControllerExample" */ = {
			isa = XCConfigurationList;
			buildConfigurations = (
				A0810CC21B72B21B00CA4D98 /* Debug */,
				A0810CC31B72B21B00CA4D98 /* Release */,
			);
			defaultConfigurationIsVisible = 0;
			defaultConfigurationName = Release;
		};
		A0810CC41B72B21B00CA4D98 /* Build configuration list for PBXNativeTarget "ABFRealmTableViewControllerExampleTests" */ = {
			isa = XCConfigurationList;
			buildConfigurations = (
				A0810CC51B72B21B00CA4D98 /* Debug */,
				A0810CC61B72B21B00CA4D98 /* Release */,
			);
			defaultConfigurationIsVisible = 0;
			defaultConfigurationName = Release;
		};
/* End XCConfigurationList section */
	};
	rootObject = A0810C961B72B21B00CA4D98 /* Project object */;
}
